
Microsoft Visual Studio Solution File, Format Version 12.00
# Visual Studio 15
VisualStudioVersion = 15.0.28010.2048
MinimumVisualStudioVersion = 10.0.40219.1
Project("{FAE04EC0-301F-11D3-BF4B-00C04F79EFBC}") = "ContentEventLogger.Demo", "ContentEventLogger.Demo\ContentEventLogger.Demo.csproj", "{86DA818F-A9CD-4D4A-9960-A714806DB6FC}"
EndProject
Project("{FAE04EC0-301F-11D3-BF4B-00C04F79EFBC}") = "ContentEventLogger", "ContentEventLogger\ContentEventLogger.csproj", "{C1B1A47E-D923-40E1-91C3-E31EF2407C0E}"
EndProject
Global
	GlobalSection(SolutionConfigurationPlatforms) = preSolution
		Debug|Any CPU = Debug|Any CPU
		Release|Any CPU = Release|Any CPU
	EndGlobalSection
	GlobalSection(ProjectConfigurationPlatforms) = postSolution
		{86DA818F-A9CD-4D4A-9960-A714806DB6FC}.Debug|Any CPU.ActiveCfg = Debug|Any CPU
		{86DA818F-A9CD-4D4A-9960-A714806DB6FC}.Debug|Any CPU.Build.0 = Debug|Any CPU
		{86DA818F-A9CD-4D4A-9960-A714806DB6FC}.Release|Any CPU.ActiveCfg = Release|Any CPU
		{86DA818F-A9CD-4D4A-9960-A714806DB6FC}.Release|Any CPU.Build.0 = Release|Any CPU
		{C1B1A47E-D923-40E1-91C3-E31EF2407C0E}.Debug|Any CPU.ActiveCfg = Debug|Any CPU
		{C1B1A47E-D923-40E1-91C3-E31EF2407C0E}.Debug|Any CPU.Build.0 = Debug|Any CPU
		{C1B1A47E-D923-40E1-91C3-E31EF2407C0E}.Release|Any CPU.ActiveCfg = Release|Any CPU
		{C1B1A47E-D923-40E1-91C3-E31EF2407C0E}.Release|Any CPU.Build.0 = Release|Any CPU
	EndGlobalSection
	GlobalSection(SolutionProperties) = preSolution
		HideSolutionNode = FALSE
	EndGlobalSection
	GlobalSection(ExtensibilityGlobals) = postSolution
		SolutionGuid = {3A3444F1-C581-44E4-BF75-F6452C5CCA0D}
	EndGlobalSection
EndGlobal
